
Microsoft Visual Studio Solution File, Format Version 12.00
Project("{FAE04EC0-301F-11D3-BF4B-00C04F79EFBC}") = "Laraue.Apps.LearnLanguage.DataAccess", "src\Laraue.Apps.LearnLanguage.DataAccess\Laraue.Apps.LearnLanguage.DataAccess.csproj", "{DE4E1175-C15C-4A86-B8F3-4BFD427BCEE0}"
EndProject
Project("{FAE04EC0-301F-11D3-BF4B-00C04F79EFBC}") = "Laraue.Apps.LearnLanguage.Services", "src\Laraue.Apps.LearnLanguage.Services\Laraue.Apps.LearnLanguage.Services.csproj", "{09D2D59B-2C39-4566-9FEF-8E59743149C5}"
EndProject
Project("{2150E333-8FDC-42A3-9474-1A3956D46DE8}") = "src", "src", "{0CC97684-89E5-4340-B9C5-13643784106F}"
EndProject
Project("{FAE04EC0-301F-11D3-BF4B-00C04F79EFBC}") = "Laraue.Apps.LearnLanguage.Host", "src\Laraue.Apps.LearnLanguage.Host\Laraue.Apps.LearnLanguage.Host.csproj", "{637937E6-7C87-48A1-9FCE-CDC7E3FD859E}"
EndProject
Project("{2150E333-8FDC-42A3-9474-1A3956D46DE8}") = "tests", "tests", "{03E735E5-C0F2-4914-9BAF-11618BDA6CC4}"
EndProject
Project("{FAE04EC0-301F-11D3-BF4B-00C04F79EFBC}") = "Laraue.Apps.LearnEnglish.IntegrationTests", "tests\Laraue.Apps.LearnEnglish.IntegrationTests\Laraue.Apps.LearnEnglish.IntegrationTests.csproj", "{444FE84C-0437-4EAC-ABE9-91074FE1F741}"
EndProject
Project("{FAE04EC0-301F-11D3-BF4B-00C04F79EFBC}") = "Laraue.Apps.LearnLanguage.Common", "src\Laraue.Apps.LearnLanguage.Common\Laraue.Apps.LearnLanguage.Common.csproj", "{9E628B71-3F27-4A1B-BEB0-0F52C9397B04}"
EndProject
Project("{FAE04EC0-301F-11D3-BF4B-00C04F79EFBC}") = "Laraue.Apps.LearnLanguage.EditorHost", "src\Laraue.Apps.LearnLanguage.EditorHost\Laraue.Apps.LearnLanguage.EditorHost.csproj", "{F04C512F-9D9A-471C-8876-886BF75062D7}"
EndProject
Project("{FAE04EC0-301F-11D3-BF4B-00C04F79EFBC}") = "Laraue.Apps.LearnLanguage.AutoTranslator", "src\Laraue.Apps.LearnLanguage.AutoTranslator\Laraue.Apps.LearnLanguage.AutoTranslator.csproj", "{C93D4F7F-C2F5-4F5A-AAE0-6550F29E93DE}"
EndProject
Global
	GlobalSection(SolutionConfigurationPlatforms) = preSolution
		Debug|Any CPU = Debug|Any CPU
		Release|Any CPU = Release|Any CPU
	EndGlobalSection
	GlobalSection(ProjectConfigurationPlatforms) = postSolution
		{DE4E1175-C15C-4A86-B8F3-4BFD427BCEE0}.Debug|Any CPU.ActiveCfg = Debug|Any CPU
		{DE4E1175-C15C-4A86-B8F3-4BFD427BCEE0}.Debug|Any CPU.Build.0 = Debug|Any CPU
		{DE4E1175-C15C-4A86-B8F3-4BFD427BCEE0}.Release|Any CPU.ActiveCfg = Release|Any CPU
		{DE4E1175-C15C-4A86-B8F3-4BFD427BCEE0}.Release|Any CPU.Build.0 = Release|Any CPU
		{09D2D59B-2C39-4566-9FEF-8E59743149C5}.Debug|Any CPU.ActiveCfg = Debug|Any CPU
		{09D2D59B-2C39-4566-9FEF-8E59743149C5}.Debug|Any CPU.Build.0 = Debug|Any CPU
		{09D2D59B-2C39-4566-9FEF-8E59743149C5}.Release|Any CPU.ActiveCfg = Release|Any CPU
		{09D2D59B-2C39-4566-9FEF-8E59743149C5}.Release|Any CPU.Build.0 = Release|Any CPU
		{637937E6-7C87-48A1-9FCE-CDC7E3FD859E}.Debug|Any CPU.ActiveCfg = Debug|Any CPU
		{637937E6-7C87-48A1-9FCE-CDC7E3FD859E}.Debug|Any CPU.Build.0 = Debug|Any CPU
		{637937E6-7C87-48A1-9FCE-CDC7E3FD859E}.Release|Any CPU.ActiveCfg = Release|Any CPU
		{637937E6-7C87-48A1-9FCE-CDC7E3FD859E}.Release|Any CPU.Build.0 = Release|Any CPU
		{444FE84C-0437-4EAC-ABE9-91074FE1F741}.Debug|Any CPU.ActiveCfg = Debug|Any CPU
		{444FE84C-0437-4EAC-ABE9-91074FE1F741}.Debug|Any CPU.Build.0 = Debug|Any CPU
		{444FE84C-0437-4EAC-ABE9-91074FE1F741}.Release|Any CPU.ActiveCfg = Release|Any CPU
		{444FE84C-0437-4EAC-ABE9-91074FE1F741}.Release|Any CPU.Build.0 = Release|Any CPU
		{9E628B71-3F27-4A1B-BEB0-0F52C9397B04}.Debug|Any CPU.ActiveCfg = Debug|Any CPU
		{9E628B71-3F27-4A1B-BEB0-0F52C9397B04}.Debug|Any CPU.Build.0 = Debug|Any CPU
		{9E628B71-3F27-4A1B-BEB0-0F52C9397B04}.Release|Any CPU.ActiveCfg = Release|Any CPU
		{9E628B71-3F27-4A1B-BEB0-0F52C9397B04}.Release|Any CPU.Build.0 = Release|Any CPU
		{F04C512F-9D9A-471C-8876-886BF75062D7}.Debug|Any CPU.ActiveCfg = Debug|Any CPU
		{F04C512F-9D9A-471C-8876-886BF75062D7}.Debug|Any CPU.Build.0 = Debug|Any CPU
		{F04C512F-9D9A-471C-8876-886BF75062D7}.Release|Any CPU.ActiveCfg = Release|Any CPU
		{F04C512F-9D9A-471C-8876-886BF75062D7}.Release|Any CPU.Build.0 = Release|Any CPU
		{C93D4F7F-C2F5-4F5A-AAE0-6550F29E93DE}.Debug|Any CPU.ActiveCfg = Debug|Any CPU
		{C93D4F7F-C2F5-4F5A-AAE0-6550F29E93DE}.Debug|Any CPU.Build.0 = Debug|Any CPU
		{C93D4F7F-C2F5-4F5A-AAE0-6550F29E93DE}.Release|Any CPU.ActiveCfg = Release|Any CPU
		{C93D4F7F-C2F5-4F5A-AAE0-6550F29E93DE}.Release|Any CPU.Build.0 = Release|Any CPU
	EndGlobalSection
	GlobalSection(NestedProjects) = preSolution
		{09D2D59B-2C39-4566-9FEF-8E59743149C5} = {0CC97684-89E5-4340-B9C5-13643784106F}
		{DE4E1175-C15C-4A86-B8F3-4BFD427BCEE0} = {0CC97684-89E5-4340-B9C5-13643784106F}
		{637937E6-7C87-48A1-9FCE-CDC7E3FD859E} = {0CC97684-89E5-4340-B9C5-13643784106F}
		{444FE84C-0437-4EAC-ABE9-91074FE1F741} = {03E735E5-C0F2-4914-9BAF-11618BDA6CC4}
		{9E628B71-3F27-4A1B-BEB0-0F52C9397B04} = {0CC97684-89E5-4340-B9C5-13643784106F}
		{F04C512F-9D9A-471C-8876-886BF75062D7} = {0CC97684-89E5-4340-B9C5-13643784106F}
		{C93D4F7F-C2F5-4F5A-AAE0-6550F29E93DE} = {0CC97684-89E5-4340-B9C5-13643784106F}
	EndGlobalSection
EndGlobal
